github.com/providencehealthtech/hugo-hero-theme v0.0.0-20211230193516-91c48cefbfac h1:r425zaN/ngzCbwXGMghsDnCCZK8domIkG2HbeLitiJo=
github.com/providencehealthtech/hugo-hero-theme v0.0.0-20211230193516-91c48cefbfac/go.mod h1:RDCmuhuUL8lLI3HZEwS207pmbRfsVcjlbMuK/SDuzG4=
github.com/providencehealthtech/hugo-hero-theme v0.0.0-20220211020851-9b43ba808e9e h1:yabp4MMbjQWtCJbAYPoEFMTEgvXKxZxGwfhCK2aNOOA=
github.com/providencehealthtech/hugo-hero-theme v0.0.0-20220211020851-9b43ba808e9e/go.mod h1:RDCmuhuUL8lLI3HZEwS207pmbRfsVcjlbMuK/SDuzG4=
github.com/providencehealthtech/hugo-hero-theme v0.0.0-20221213162726-e8052fa0f377 h1:e07mI5HLJZzNeqCMT9dGvdrrqdREL3I0SQ8dmN8gqE4=
github.com/providencehealthtech/hugo-hero-theme v0.0.0-20221213162726-e8052fa0f377/go.mod h1:RDCmuhuUL8lLI3HZEwS207pmbRfsVcjlbMuK/SDuzG4=
github.com/providencehealthtech/hugo-hero-theme v0.0.0-20221213174348-68208a8b1dda h1:jf4EwoJ5RSAFepNe+YCe2V+/s6CVIRzsoTyE9ncg3bY=
github.com/providencehealthtech/hugo-hero-theme v0.0.0-20221213174348-68208a8b1dda/go.mod h1:RDCmuhuUL8lLI3HZEwS207pmbRfsVcjlbMuK/SDuzG4=
github.com/providencehealthtech/hugo-hero-theme v0.0.0-20221213175723-834652212abb h1:CoPuNyKhihpDUzTRrrnn94En647R3NEkD2a92WgvLYY=
github.com/providencehealthtech/hugo-hero-theme v0.0.0-20221213175723-834652212abb/go.mod h1:RDCmuhuUL8lLI3HZEwS207pmbRfsVcjlbMuK/SDuzG4=
github.com/providencehealthtech/hugo-hero-theme v0.0.0-20221217194819-9d6b8a98ea8b h1:feZpH9eqOkCrBuuoHsLv1vLXgUaVxVN2m40kqJVRQUs=
github.com/providencehealthtech/hugo-hero-theme v0.0.0-20221217194819-9d6b8a98ea8b/go.mod h1:RDCmuhuUL8lLI3HZEwS207pmbRfsVcjlbMuK/SDuzG4=
