github.com/providencehealthtech/hugo-hero-theme v0.0.0-20211230193516-91c48cefbfac h1:r425zaN/ngzCbwXGMghsDnCCZK8domIkG2HbeLitiJo=
github.com/providencehealthtech/hugo-hero-theme v0.0.0-20211230193516-91c48cefbfac/go.mod h1:RDCmuhuUL8lLI3HZEwS207pmbRfsVcjlbMuK/SDuzG4=
github.com/providencehealthtech/hugo-hero-theme v0.0.0-20220211020851-9b43ba808e9e h1:yabp4MMbjQWtCJbAYPoEFMTEgvXKxZxGwfhCK2aNOOA=
github.com/providencehealthtech/hugo-hero-theme v0.0.0-20220211020851-9b43ba808e9e/go.mod h1:RDCmuhuUL8lLI3HZEwS207pmbRfsVcjlbMuK/SDuzG4=
github.com/providencehealthtech/hugo-hero-theme v0.0.0-20221213162726-e8052fa0f377 h1:e07mI5HLJZzNeqCMT9dGvdrrqdREL3I0SQ8dmN8gqE4=
github.com/providencehealthtech/hugo-hero-theme v0.0.0-20221213162726-e8052fa0f377/go.mod h1:RDCmuhuUL8lLI3HZEwS207pmbRfsVcjlbMuK/SDuzG4=
github.com/providencehealthtech/hugo-hero-theme v0.0.0-20221213174348-68208a8b1dda h1:jf4EwoJ5RSAFepNe+YCe2V+/s6CVIRzsoTyE9ncg3bY=
github.com/providencehealthtech/hugo-hero-theme v0.0.0-20221213174348-68208a8b1dda/go.mod h1:RDCmuhuUL8lLI3HZEwS207pmbRfsVcjlbMuK/SDuzG4=
github.com/providencehealthtech/hugo-hero-theme v0.0.0-20221213175723-834652212abb h1:CoPuNyKhihpDUzTRrrnn94En647R3NEkD2a92WgvLYY=
github.com/providencehealthtech/hugo-hero-theme v0.0.0-20221213175723-834652212abb/go.mod h1:RDCmuhuUL8lLI3HZEwS207pmbRfsVcjlbMuK/SDuzG4=
github.com/providencehealthtech/hugo-hero-theme v0.0.0-20221217194819-9d6b8a98ea8b h1:feZpH9eqOkCrBuuoHsLv1vLXgUaVxVN2m40kqJVRQUs=
github.com/providencehealthtech/hugo-hero-theme v0.0.0-20221217194819-9d6b8a98ea8b/go.mod h1:RDCmuhuUL8lLI3HZEwS207pmbRfsVcjlbMuK/SDuzG4=
github.com/providencehealthtech/hugo-hero-theme v0.0.0-20230110033032-99b8cb3af141 h1:wATyjCjtATEsllWTdbI+bgblp9SQFtl8a+fZ+H7iWJ4=
github.com/providencehealthtech/hugo-hero-theme v0.0.0-20230110033032-99b8cb3af141/go.mod h1:RDCmuhuUL8lLI3HZEwS207pmbRfsVcjlbMuK/SDuzG4=
github.com/providencehealthtech/hugo-hero-theme v0.0.0-20230116180702-3a2c78e91bf1 h1:DwUVXPX8CizGncBmzXBe0vYhvMGbO483wIQAMy/9Iwo=
github.com/providencehealthtech/hugo-hero-theme v0.0.0-20230116180702-3a2c78e91bf1/go.mod h1:RDCmuhuUL8lLI3HZEwS207pmbRfsVcjlbMuK/SDuzG4=
github.com/providencehealthtech/hugo-hero-theme v0.0.0-20230116182752-375e453bb419 h1:Ey/Mf2krRdqvgp71uVrtM6vG5MTOQqSMhYodCMyTqV8=
github.com/providencehealthtech/hugo-hero-theme v0.0.0-20230116182752-375e453bb419/go.mod h1:RDCmuhuUL8lLI3HZEwS207pmbRfsVcjlbMuK/SDuzG4=
github.com/providencehealthtech/hugo-hero-theme v0.0.0-20230215172530-e98396304de6 h1:8prz5yJl0Qk4LVt60U4vlCTSKjEXjgrXKiC7yYpp/bg=
github.com/providencehealthtech/hugo-hero-theme v0.0.0-20230215172530-e98396304de6/go.mod h1:RDCmuhuUL8lLI3HZEwS207pmbRfsVcjlbMuK/SDuzG4=
github.com/providencehealthtech/hugo-hero-theme v0.0.0-20230223202010-12718b371784 h1:G4ZGFIP69O/KYrXOUOH/o69HMLk3GDEkUMEWH0MWcMs=
github.com/providencehealthtech/hugo-hero-theme v0.0.0-20230223202010-12718b371784/go.mod h1:RDCmuhuUL8lLI3HZEwS207pmbRfsVcjlbMuK/SDuzG4=
github.com/providencehealthtech/hugo-hero-theme v0.0.0-20230223212046-6aeabb9397d8 h1:F/0gkqUtAcYAiLh8Rv4jQV38f09xDvQFw9pwEYGam/I=
github.com/providencehealthtech/hugo-hero-theme v0.0.0-20230223212046-6aeabb9397d8/go.mod h1:RDCmuhuUL8lLI3HZEwS207pmbRfsVcjlbMuK/SDuzG4=
github.com/providencehealthtech/hugo-hero-theme v0.0.0-20230305212054-f00884118cd4 h1:amU8wYw+jq1rexOpPXfdbo4mMacScTQH0NpzzWr/YN0=
github.com/providencehealthtech/hugo-hero-theme v0.0.0-20230305212054-f00884118cd4/go.mod h1:RDCmuhuUL8lLI3HZEwS207pmbRfsVcjlbMuK/SDuzG4=
github.com/providencehealthtech/hugo-hero-theme v0.0.0-20230307000834-26d94a5d1e5a h1:9K9L3P9umMQEpBQmJBCL9hPUWx2jnIraLKuVdCK3tDk=
github.com/providencehealthtech/hugo-hero-theme v0.0.0-20230307000834-26d94a5d1e5a/go.mod h1:RDCmuhuUL8lLI3HZEwS207pmbRfsVcjlbMuK/SDuzG4=
github.com/providencehealthtech/hugo-hero-theme v0.0.0-20240404212113-9d2232401c80 h1:x5G9WLYW0ZM3khuJg4lkcjMPafPmlFF9CbTmhPEuzCI=
github.com/providencehealthtech/hugo-hero-theme v0.0.0-20240404212113-9d2232401c80/go.mod h1:RDCmuhuUL8lLI3HZEwS207pmbRfsVcjlbMuK/SDuzG4=
github.com/providencehealthtech/hugo-hero-theme v0.0.0-20240404215714-71eee4fc3264 h1:4lBhPDs2C64gMVsLIZy3KWjaElnEuvpM3022qkMmoeU=
github.com/providencehealthtech/hugo-hero-theme v0.0.0-20240404215714-71eee4fc3264/go.mod h1:RDCmuhuUL8lLI3HZEwS207pmbRfsVcjlbMuK/SDuzG4=
github.com/providencehealthtech/hugo-hero-theme v0.0.0-20240509205634-8c551892307a h1:cmAiLd6lsphAK2iA6ClQBG84rhxDnGQkuavyF1XVDI8=
github.com/providencehealthtech/hugo-hero-theme v0.0.0-20240509205634-8c551892307a/go.mod h1:RDCmuhuUL8lLI3HZEwS207pmbRfsVcjlbMuK/SDuzG4=
