github.com/providencehealthtech/hugo-hero-theme v0.0.0-20211230193516-91c48cefbfac h1:r425zaN/ngzCbwXGMghsDnCCZK8domIkG2HbeLitiJo=
github.com/providencehealthtech/hugo-hero-theme v0.0.0-20211230193516-91c48cefbfac/go.mod h1:RDCmuhuUL8lLI3HZEwS207pmbRfsVcjlbMuK/SDuzG4=
github.com/providencehealthtech/hugo-hero-theme v0.0.0-20220211020851-9b43ba808e9e h1:yabp4MMbjQWtCJbAYPoEFMTEgvXKxZxGwfhCK2aNOOA=
github.com/providencehealthtech/hugo-hero-theme v0.0.0-20220211020851-9b43ba808e9e/go.mod h1:RDCmuhuUL8lLI3HZEwS207pmbRfsVcjlbMuK/SDuzG4=
